
Microsoft Visual Studio Solution File, Format Version 12.00
Project("{FAE04EC0-301F-11D3-BF4B-00C04F79EFBC}") = "UnitTestsExerciseOne", "UnitTestsExerciseOne\UnitTestsExerciseOne.csproj", "{BA1CED06-6EE8-449F-B6C3-5A178EA0AEB1}"
EndProject
Project("{FAE04EC0-301F-11D3-BF4B-00C04F79EFBC}") = "RandomData", "RandomData\RandomData.csproj", "{212E6E41-1386-4B59-94F7-8A3A6CE386FE}"
EndProject
Project("{2150E333-8FDC-42A3-9474-1A3956D46DE8}") = "ExerciseOne", "ExerciseOne", "{28C6FC1C-AE9D-4702-8EC7-BED14A5D2849}"
EndProject
Project("{2150E333-8FDC-42A3-9474-1A3956D46DE8}") = "ExerciseTwo", "ExerciseTwo", "{855373BC-087F-4B68-ADD8-D640EEFA2BE3}"
EndProject
Project("{FAE04EC0-301F-11D3-BF4B-00C04F79EFBC}") = "RandomDataTwo", "RandomDataTwo\RandomDataTwo.csproj", "{6ED7F96E-6566-4C7F-AC95-985D82606863}"
EndProject
Project("{FAE04EC0-301F-11D3-BF4B-00C04F79EFBC}") = "UnitTestsExerciseTwo", "UnitTestsExerciseTwo\UnitTestsExerciseTwo.csproj", "{72B5C676-1FA3-44DC-AFB8-AE1C88584FF9}"
EndProject
Global
	GlobalSection(SolutionConfigurationPlatforms) = preSolution
		Debug|Any CPU = Debug|Any CPU
		Release|Any CPU = Release|Any CPU
	EndGlobalSection
	GlobalSection(ProjectConfigurationPlatforms) = postSolution
		{BA1CED06-6EE8-449F-B6C3-5A178EA0AEB1}.Debug|Any CPU.ActiveCfg = Debug|Any CPU
		{BA1CED06-6EE8-449F-B6C3-5A178EA0AEB1}.Debug|Any CPU.Build.0 = Debug|Any CPU
		{BA1CED06-6EE8-449F-B6C3-5A178EA0AEB1}.Release|Any CPU.ActiveCfg = Release|Any CPU
		{BA1CED06-6EE8-449F-B6C3-5A178EA0AEB1}.Release|Any CPU.Build.0 = Release|Any CPU
		{212E6E41-1386-4B59-94F7-8A3A6CE386FE}.Debug|Any CPU.ActiveCfg = Debug|Any CPU
		{212E6E41-1386-4B59-94F7-8A3A6CE386FE}.Debug|Any CPU.Build.0 = Debug|Any CPU
		{212E6E41-1386-4B59-94F7-8A3A6CE386FE}.Release|Any CPU.ActiveCfg = Release|Any CPU
		{212E6E41-1386-4B59-94F7-8A3A6CE386FE}.Release|Any CPU.Build.0 = Release|Any CPU
		{6ED7F96E-6566-4C7F-AC95-985D82606863}.Debug|Any CPU.ActiveCfg = Debug|Any CPU
		{6ED7F96E-6566-4C7F-AC95-985D82606863}.Debug|Any CPU.Build.0 = Debug|Any CPU
		{6ED7F96E-6566-4C7F-AC95-985D82606863}.Release|Any CPU.ActiveCfg = Release|Any CPU
		{6ED7F96E-6566-4C7F-AC95-985D82606863}.Release|Any CPU.Build.0 = Release|Any CPU
		{72B5C676-1FA3-44DC-AFB8-AE1C88584FF9}.Debug|Any CPU.ActiveCfg = Debug|Any CPU
		{72B5C676-1FA3-44DC-AFB8-AE1C88584FF9}.Debug|Any CPU.Build.0 = Debug|Any CPU
		{72B5C676-1FA3-44DC-AFB8-AE1C88584FF9}.Release|Any CPU.ActiveCfg = Release|Any CPU
		{72B5C676-1FA3-44DC-AFB8-AE1C88584FF9}.Release|Any CPU.Build.0 = Release|Any CPU
	EndGlobalSection
	GlobalSection(NestedProjects) = preSolution
		{212E6E41-1386-4B59-94F7-8A3A6CE386FE} = {28C6FC1C-AE9D-4702-8EC7-BED14A5D2849}
		{BA1CED06-6EE8-449F-B6C3-5A178EA0AEB1} = {28C6FC1C-AE9D-4702-8EC7-BED14A5D2849}
		{6ED7F96E-6566-4C7F-AC95-985D82606863} = {855373BC-087F-4B68-ADD8-D640EEFA2BE3}
		{72B5C676-1FA3-44DC-AFB8-AE1C88584FF9} = {855373BC-087F-4B68-ADD8-D640EEFA2BE3}
	EndGlobalSection
EndGlobal
