
Microsoft Visual Studio Solution File, Format Version 12.00
Project("{FAE04EC0-301F-11D3-BF4B-00C04F79EFBC}") = "UnitTestsExerciseOne", "UnitTestsExerciseOne\UnitTestsExerciseOne.csproj", "{BA1CED06-6EE8-449F-B6C3-5A178EA0AEB1}"
EndProject
Project("{FAE04EC0-301F-11D3-BF4B-00C04F79EFBC}") = "RandomData", "RandomData\RandomData.csproj", "{212E6E41-1386-4B59-94F7-8A3A6CE386FE}"
EndProject
Project("{2150E333-8FDC-42A3-9474-1A3956D46DE8}") = "ExerciseOne", "ExerciseOne", "{28C6FC1C-AE9D-4702-8EC7-BED14A5D2849}"
EndProject
Project("{2150E333-8FDC-42A3-9474-1A3956D46DE8}") = "ExerciseTwo", "ExerciseTwo", "{855373BC-087F-4B68-ADD8-D640EEFA2BE3}"
EndProject
Project("{FAE04EC0-301F-11D3-BF4B-00C04F79EFBC}") = "RandomDataTwo", "RandomDataTwo\RandomDataTwo.csproj", "{6ED7F96E-6566-4C7F-AC95-985D82606863}"
EndProject
Project("{FAE04EC0-301F-11D3-BF4B-00C04F79EFBC}") = "UnitTestsExerciseTwo", "UnitTestsExerciseTwo\UnitTestsExerciseTwo.csproj", "{72B5C676-1FA3-44DC-AFB8-AE1C88584FF9}"
EndProject
Project("{2150E333-8FDC-42A3-9474-1A3956D46DE8}") = "ExerciseInClass", "ExerciseInClass", "{1454DC20-333A-4A5F-BF5E-CE69CFB73802}"
EndProject
Project("{FAE04EC0-301F-11D3-BF4B-00C04F79EFBC}") = "UnitTestsExerciseInClassOne", "UnitTestsExerciseInClassOne\UnitTestsExerciseInClassOne.csproj", "{35B5F795-7A20-4847-8675-8890D092D646}"
EndProject
Project("{FAE04EC0-301F-11D3-BF4B-00C04F79EFBC}") = "GradeData", "GradeData\GradeData.csproj", "{5555CD53-CB88-4FE4-B53D-2310FD213146}"
EndProject
Project("{2150E333-8FDC-42A3-9474-1A3956D46DE8}") = "ExerciseInClassTwo", "ExerciseInClassTwo", "{6CACF4E6-3165-4650-BD0F-E15DA31466B6}"
EndProject
Project("{FAE04EC0-301F-11D3-BF4B-00C04F79EFBC}") = "TeenagerData", "TeenagerData\TeenagerData.csproj", "{E696266E-601C-42FF-926D-222DD3677E25}"
EndProject
Project("{FAE04EC0-301F-11D3-BF4B-00C04F79EFBC}") = "TestTeenAgerData", "TestTeenAgerData\TestTeenAgerData.csproj", "{356C6B3D-1648-48B8-B106-FA9A6A8448FD}"
EndProject
Global
	GlobalSection(SolutionConfigurationPlatforms) = preSolution
		Debug|Any CPU = Debug|Any CPU
		Release|Any CPU = Release|Any CPU
	EndGlobalSection
	GlobalSection(ProjectConfigurationPlatforms) = postSolution
		{BA1CED06-6EE8-449F-B6C3-5A178EA0AEB1}.Debug|Any CPU.ActiveCfg = Debug|Any CPU
		{BA1CED06-6EE8-449F-B6C3-5A178EA0AEB1}.Debug|Any CPU.Build.0 = Debug|Any CPU
		{BA1CED06-6EE8-449F-B6C3-5A178EA0AEB1}.Release|Any CPU.ActiveCfg = Release|Any CPU
		{BA1CED06-6EE8-449F-B6C3-5A178EA0AEB1}.Release|Any CPU.Build.0 = Release|Any CPU
		{212E6E41-1386-4B59-94F7-8A3A6CE386FE}.Debug|Any CPU.ActiveCfg = Debug|Any CPU
		{212E6E41-1386-4B59-94F7-8A3A6CE386FE}.Debug|Any CPU.Build.0 = Debug|Any CPU
		{212E6E41-1386-4B59-94F7-8A3A6CE386FE}.Release|Any CPU.ActiveCfg = Release|Any CPU
		{212E6E41-1386-4B59-94F7-8A3A6CE386FE}.Release|Any CPU.Build.0 = Release|Any CPU
		{6ED7F96E-6566-4C7F-AC95-985D82606863}.Debug|Any CPU.ActiveCfg = Debug|Any CPU
		{6ED7F96E-6566-4C7F-AC95-985D82606863}.Debug|Any CPU.Build.0 = Debug|Any CPU
		{6ED7F96E-6566-4C7F-AC95-985D82606863}.Release|Any CPU.ActiveCfg = Release|Any CPU
		{6ED7F96E-6566-4C7F-AC95-985D82606863}.Release|Any CPU.Build.0 = Release|Any CPU
		{72B5C676-1FA3-44DC-AFB8-AE1C88584FF9}.Debug|Any CPU.ActiveCfg = Debug|Any CPU
		{72B5C676-1FA3-44DC-AFB8-AE1C88584FF9}.Debug|Any CPU.Build.0 = Debug|Any CPU
		{72B5C676-1FA3-44DC-AFB8-AE1C88584FF9}.Release|Any CPU.ActiveCfg = Release|Any CPU
		{72B5C676-1FA3-44DC-AFB8-AE1C88584FF9}.Release|Any CPU.Build.0 = Release|Any CPU
		{35B5F795-7A20-4847-8675-8890D092D646}.Debug|Any CPU.ActiveCfg = Debug|Any CPU
		{35B5F795-7A20-4847-8675-8890D092D646}.Debug|Any CPU.Build.0 = Debug|Any CPU
		{35B5F795-7A20-4847-8675-8890D092D646}.Release|Any CPU.ActiveCfg = Release|Any CPU
		{35B5F795-7A20-4847-8675-8890D092D646}.Release|Any CPU.Build.0 = Release|Any CPU
		{5555CD53-CB88-4FE4-B53D-2310FD213146}.Debug|Any CPU.ActiveCfg = Debug|Any CPU
		{5555CD53-CB88-4FE4-B53D-2310FD213146}.Debug|Any CPU.Build.0 = Debug|Any CPU
		{5555CD53-CB88-4FE4-B53D-2310FD213146}.Release|Any CPU.ActiveCfg = Release|Any CPU
		{5555CD53-CB88-4FE4-B53D-2310FD213146}.Release|Any CPU.Build.0 = Release|Any CPU
		{E696266E-601C-42FF-926D-222DD3677E25}.Debug|Any CPU.ActiveCfg = Debug|Any CPU
		{E696266E-601C-42FF-926D-222DD3677E25}.Debug|Any CPU.Build.0 = Debug|Any CPU
		{E696266E-601C-42FF-926D-222DD3677E25}.Release|Any CPU.ActiveCfg = Release|Any CPU
		{E696266E-601C-42FF-926D-222DD3677E25}.Release|Any CPU.Build.0 = Release|Any CPU
		{356C6B3D-1648-48B8-B106-FA9A6A8448FD}.Debug|Any CPU.ActiveCfg = Debug|Any CPU
		{356C6B3D-1648-48B8-B106-FA9A6A8448FD}.Debug|Any CPU.Build.0 = Debug|Any CPU
		{356C6B3D-1648-48B8-B106-FA9A6A8448FD}.Release|Any CPU.ActiveCfg = Release|Any CPU
		{356C6B3D-1648-48B8-B106-FA9A6A8448FD}.Release|Any CPU.Build.0 = Release|Any CPU
	EndGlobalSection
	GlobalSection(NestedProjects) = preSolution
		{212E6E41-1386-4B59-94F7-8A3A6CE386FE} = {28C6FC1C-AE9D-4702-8EC7-BED14A5D2849}
		{BA1CED06-6EE8-449F-B6C3-5A178EA0AEB1} = {28C6FC1C-AE9D-4702-8EC7-BED14A5D2849}
		{6ED7F96E-6566-4C7F-AC95-985D82606863} = {855373BC-087F-4B68-ADD8-D640EEFA2BE3}
		{72B5C676-1FA3-44DC-AFB8-AE1C88584FF9} = {855373BC-087F-4B68-ADD8-D640EEFA2BE3}
		{35B5F795-7A20-4847-8675-8890D092D646} = {1454DC20-333A-4A5F-BF5E-CE69CFB73802}
		{5555CD53-CB88-4FE4-B53D-2310FD213146} = {1454DC20-333A-4A5F-BF5E-CE69CFB73802}
		{E696266E-601C-42FF-926D-222DD3677E25} = {6CACF4E6-3165-4650-BD0F-E15DA31466B6}
		{356C6B3D-1648-48B8-B106-FA9A6A8448FD} = {6CACF4E6-3165-4650-BD0F-E15DA31466B6}
	EndGlobalSection
EndGlobal
